
Microsoft Visual Studio Solution File, Format Version 11.00
# Visual Studio 2010
Project("{FAE04EC0-301F-11D3-BF4B-00C04F79EFBC}") = "Kophosight", "Assembly-CSharp.csproj", "{69F74A2E-75F0-6DB3-FCA9-B54EED2D5BE8}"
EndProject
Project("{FAE04EC0-301F-11D3-BF4B-00C04F79EFBC}") = "Kophosight", "Assembly-CSharp-Editor.csproj", "{A3BF0096-49F0-F55E-5655-2029AE43F3D0}"
EndProject
Global
	GlobalSection(SolutionConfigurationPlatforms) = preSolution
		Debug|Any CPU = Debug|Any CPU
		Release|Any CPU = Release|Any CPU
	EndGlobalSection
	GlobalSection(ProjectConfigurationPlatforms) = postSolution
		{69F74A2E-75F0-6DB3-FCA9-B54EED2D5BE8}.Debug|Any CPU.ActiveCfg = Debug|Any CPU
		{69F74A2E-75F0-6DB3-FCA9-B54EED2D5BE8}.Debug|Any CPU.Build.0 = Debug|Any CPU
		{69F74A2E-75F0-6DB3-FCA9-B54EED2D5BE8}.Release|Any CPU.ActiveCfg = Release|Any CPU
		{69F74A2E-75F0-6DB3-FCA9-B54EED2D5BE8}.Release|Any CPU.Build.0 = Release|Any CPU
		{A3BF0096-49F0-F55E-5655-2029AE43F3D0}.Debug|Any CPU.ActiveCfg = Debug|Any CPU
		{A3BF0096-49F0-F55E-5655-2029AE43F3D0}.Debug|Any CPU.Build.0 = Debug|Any CPU
		{A3BF0096-49F0-F55E-5655-2029AE43F3D0}.Release|Any CPU.ActiveCfg = Release|Any CPU
		{A3BF0096-49F0-F55E-5655-2029AE43F3D0}.Release|Any CPU.Build.0 = Release|Any CPU
	EndGlobalSection
	GlobalSection(SolutionProperties) = preSolution
		HideSolutionNode = FALSE
	EndGlobalSection
	GlobalSection(MonoDevelopProperties) = preSolution
		StartupItem = Assembly-CSharp.csproj
	EndGlobalSection
EndGlobal
