
Microsoft Visual Studio Solution File, Format Version 12.00
# Visual Studio 15
VisualStudioVersion = 15.0.26430.14
MinimumVisualStudioVersion = 10.0.40219.1
Project("{FAE04EC0-301F-11D3-BF4B-00C04F79EFBC}") = "Kophosight", "Kophosight\Kophosight.csproj", "{13A45C13-3265-47B8-BC48-A553B569DF55}"
EndProject
Project("{FAE04EC0-301F-11D3-BF4B-00C04F79EFBC}") = "Assembly-CSharp", "D:\Documents\HolocracyStudio\Applications\Kophosight\App\GeneratedProjects\UWP\Assembly-CSharp\Assembly-CSharp.csproj", "{153B2840-0DF5-4C36-A52B-EDAFAB29404B}"
EndProject
Project("{FAE04EC0-301F-11D3-BF4B-00C04F79EFBC}") = "Assembly-CSharp-firstpass", "D:\Documents\HolocracyStudio\Applications\Kophosight\App\GeneratedProjects\UWP\Assembly-CSharp-firstpass\Assembly-CSharp-firstpass.csproj", "{16B205CF-D0C1-4A24-B385-B2EFD0EC99FB}"
EndProject
Global
	GlobalSection(SolutionConfigurationPlatforms) = preSolution
		Debug|ARM = Debug|ARM
		Debug|x64 = Debug|x64
		Debug|x86 = Debug|x86
		Master|ARM = Master|ARM
		Master|x64 = Master|x64
		Master|x86 = Master|x86
		Release|ARM = Release|ARM
		Release|x64 = Release|x64
		Release|x86 = Release|x86
	EndGlobalSection
	GlobalSection(ProjectConfigurationPlatforms) = postSolution
		{13A45C13-3265-47B8-BC48-A553B569DF55}.Debug|ARM.ActiveCfg = Debug|ARM
		{13A45C13-3265-47B8-BC48-A553B569DF55}.Debug|ARM.Build.0 = Debug|ARM
		{13A45C13-3265-47B8-BC48-A553B569DF55}.Debug|ARM.Deploy.0 = Debug|ARM
		{13A45C13-3265-47B8-BC48-A553B569DF55}.Debug|x64.ActiveCfg = Debug|x64
		{13A45C13-3265-47B8-BC48-A553B569DF55}.Debug|x64.Build.0 = Debug|x64
		{13A45C13-3265-47B8-BC48-A553B569DF55}.Debug|x64.Deploy.0 = Debug|x64
		{13A45C13-3265-47B8-BC48-A553B569DF55}.Debug|x86.ActiveCfg = Debug|x86
		{13A45C13-3265-47B8-BC48-A553B569DF55}.Debug|x86.Build.0 = Debug|x86
		{13A45C13-3265-47B8-BC48-A553B569DF55}.Debug|x86.Deploy.0 = Debug|x86
		{13A45C13-3265-47B8-BC48-A553B569DF55}.Master|ARM.ActiveCfg = Master|ARM
		{13A45C13-3265-47B8-BC48-A553B569DF55}.Master|ARM.Build.0 = Master|ARM
		{13A45C13-3265-47B8-BC48-A553B569DF55}.Master|ARM.Deploy.0 = Master|ARM
		{13A45C13-3265-47B8-BC48-A553B569DF55}.Master|x64.ActiveCfg = Master|x64
		{13A45C13-3265-47B8-BC48-A553B569DF55}.Master|x64.Build.0 = Master|x64
		{13A45C13-3265-47B8-BC48-A553B569DF55}.Master|x64.Deploy.0 = Master|x64
		{13A45C13-3265-47B8-BC48-A553B569DF55}.Master|x86.ActiveCfg = Master|x86
		{13A45C13-3265-47B8-BC48-A553B569DF55}.Master|x86.Build.0 = Master|x86
		{13A45C13-3265-47B8-BC48-A553B569DF55}.Master|x86.Deploy.0 = Master|x86
		{13A45C13-3265-47B8-BC48-A553B569DF55}.Release|ARM.ActiveCfg = Release|ARM
		{13A45C13-3265-47B8-BC48-A553B569DF55}.Release|ARM.Build.0 = Release|ARM
		{13A45C13-3265-47B8-BC48-A553B569DF55}.Release|ARM.Deploy.0 = Release|ARM
		{13A45C13-3265-47B8-BC48-A553B569DF55}.Release|x64.ActiveCfg = Release|x64
		{13A45C13-3265-47B8-BC48-A553B569DF55}.Release|x64.Build.0 = Release|x64
		{13A45C13-3265-47B8-BC48-A553B569DF55}.Release|x64.Deploy.0 = Release|x64
		{13A45C13-3265-47B8-BC48-A553B569DF55}.Release|x86.ActiveCfg = Release|x86
		{13A45C13-3265-47B8-BC48-A553B569DF55}.Release|x86.Build.0 = Release|x86
		{13A45C13-3265-47B8-BC48-A553B569DF55}.Release|x86.Deploy.0 = Release|x86
		{153B2840-0DF5-4C36-A52B-EDAFAB29404B}.Debug|ARM.ActiveCfg = Debug|ARM
		{153B2840-0DF5-4C36-A52B-EDAFAB29404B}.Debug|ARM.Build.0 = Debug|ARM
		{153B2840-0DF5-4C36-A52B-EDAFAB29404B}.Debug|x64.ActiveCfg = Debug|x64
		{153B2840-0DF5-4C36-A52B-EDAFAB29404B}.Debug|x64.Build.0 = Debug|x64
		{153B2840-0DF5-4C36-A52B-EDAFAB29404B}.Debug|x86.ActiveCfg = Debug|x86
		{153B2840-0DF5-4C36-A52B-EDAFAB29404B}.Debug|x86.Build.0 = Debug|x86
		{153B2840-0DF5-4C36-A52B-EDAFAB29404B}.Master|ARM.ActiveCfg = Master|ARM
		{153B2840-0DF5-4C36-A52B-EDAFAB29404B}.Master|ARM.Build.0 = Master|ARM
		{153B2840-0DF5-4C36-A52B-EDAFAB29404B}.Master|x64.ActiveCfg = Master|x64
		{153B2840-0DF5-4C36-A52B-EDAFAB29404B}.Master|x64.Build.0 = Master|x64
		{153B2840-0DF5-4C36-A52B-EDAFAB29404B}.Master|x86.ActiveCfg = Master|x86
		{153B2840-0DF5-4C36-A52B-EDAFAB29404B}.Master|x86.Build.0 = Master|x86
		{153B2840-0DF5-4C36-A52B-EDAFAB29404B}.Release|ARM.ActiveCfg = Release|ARM
		{153B2840-0DF5-4C36-A52B-EDAFAB29404B}.Release|ARM.Build.0 = Release|ARM
		{153B2840-0DF5-4C36-A52B-EDAFAB29404B}.Release|x64.ActiveCfg = Release|x64
		{153B2840-0DF5-4C36-A52B-EDAFAB29404B}.Release|x64.Build.0 = Release|x64
		{153B2840-0DF5-4C36-A52B-EDAFAB29404B}.Release|x86.ActiveCfg = Release|x86
		{153B2840-0DF5-4C36-A52B-EDAFAB29404B}.Release|x86.Build.0 = Release|x86
		{16B205CF-D0C1-4A24-B385-B2EFD0EC99FB}.Debug|ARM.ActiveCfg = Debug|ARM
		{16B205CF-D0C1-4A24-B385-B2EFD0EC99FB}.Debug|ARM.Build.0 = Debug|ARM
		{16B205CF-D0C1-4A24-B385-B2EFD0EC99FB}.Debug|x64.ActiveCfg = Debug|x64
		{16B205CF-D0C1-4A24-B385-B2EFD0EC99FB}.Debug|x64.Build.0 = Debug|x64
		{16B205CF-D0C1-4A24-B385-B2EFD0EC99FB}.Debug|x86.ActiveCfg = Debug|x86
		{16B205CF-D0C1-4A24-B385-B2EFD0EC99FB}.Debug|x86.Build.0 = Debug|x86
		{16B205CF-D0C1-4A24-B385-B2EFD0EC99FB}.Master|ARM.ActiveCfg = Master|ARM
		{16B205CF-D0C1-4A24-B385-B2EFD0EC99FB}.Master|ARM.Build.0 = Master|ARM
		{16B205CF-D0C1-4A24-B385-B2EFD0EC99FB}.Master|x64.ActiveCfg = Master|x64
		{16B205CF-D0C1-4A24-B385-B2EFD0EC99FB}.Master|x64.Build.0 = Master|x64
		{16B205CF-D0C1-4A24-B385-B2EFD0EC99FB}.Master|x86.ActiveCfg = Master|x86
		{16B205CF-D0C1-4A24-B385-B2EFD0EC99FB}.Master|x86.Build.0 = Master|x86
		{16B205CF-D0C1-4A24-B385-B2EFD0EC99FB}.Release|ARM.ActiveCfg = Release|ARM
		{16B205CF-D0C1-4A24-B385-B2EFD0EC99FB}.Release|ARM.Build.0 = Release|ARM
		{16B205CF-D0C1-4A24-B385-B2EFD0EC99FB}.Release|x64.ActiveCfg = Release|x64
		{16B205CF-D0C1-4A24-B385-B2EFD0EC99FB}.Release|x64.Build.0 = Release|x64
		{16B205CF-D0C1-4A24-B385-B2EFD0EC99FB}.Release|x86.ActiveCfg = Release|x86
		{16B205CF-D0C1-4A24-B385-B2EFD0EC99FB}.Release|x86.Build.0 = Release|x86
	EndGlobalSection
	GlobalSection(SolutionProperties) = preSolution
		HideSolutionNode = FALSE
	EndGlobalSection
EndGlobal
